
Microsoft Visual Studio Solution File, Format Version 12.00
# Visual Studio Version 16
VisualStudioVersion = 16.0.31729.503
MinimumVisualStudioVersion = 10.0.40219.1
Project("{FAE04EC0-301F-11D3-BF4B-00C04F79EFBC}") = "AleksandarMihaljev", "AleksandarMihaljev.csproj", "{386E334C-46CB-47DB-AF53-1F2F2C766204}"
EndProject
Project("{FAE04EC0-301F-11D3-BF4B-00C04F79EFBC}") = "UnitTestProject1", "..\UnitTestProject1\UnitTestProject1.csproj", "{A092DB78-451F-40E9-90FB-DD5CE5B8536A}"
EndProject
Global
	GlobalSection(SolutionConfigurationPlatforms) = preSolution
		Debug|Any CPU = Debug|Any CPU
		Release|Any CPU = Release|Any CPU
	EndGlobalSection
	GlobalSection(ProjectConfigurationPlatforms) = postSolution
		{386E334C-46CB-47DB-AF53-1F2F2C766204}.Debug|Any CPU.ActiveCfg = Debug|Any CPU
		{386E334C-46CB-47DB-AF53-1F2F2C766204}.Debug|Any CPU.Build.0 = Debug|Any CPU
		{386E334C-46CB-47DB-AF53-1F2F2C766204}.Release|Any CPU.ActiveCfg = Release|Any CPU
		{386E334C-46CB-47DB-AF53-1F2F2C766204}.Release|Any CPU.Build.0 = Release|Any CPU
		{A092DB78-451F-40E9-90FB-DD5CE5B8536A}.Debug|Any CPU.ActiveCfg = Debug|Any CPU
		{A092DB78-451F-40E9-90FB-DD5CE5B8536A}.Debug|Any CPU.Build.0 = Debug|Any CPU
		{A092DB78-451F-40E9-90FB-DD5CE5B8536A}.Release|Any CPU.ActiveCfg = Release|Any CPU
		{A092DB78-451F-40E9-90FB-DD5CE5B8536A}.Release|Any CPU.Build.0 = Release|Any CPU
	EndGlobalSection
	GlobalSection(SolutionProperties) = preSolution
		HideSolutionNode = FALSE
	EndGlobalSection
	GlobalSection(ExtensibilityGlobals) = postSolution
		SolutionGuid = {4652176C-5D48-4157-AF27-815C469719DB}
	EndGlobalSection
EndGlobal
